
Microsoft Visual Studio Solution File, Format Version 12.00
# Visual Studio Version 17
VisualStudioVersion = 17.11.35312.102
MinimumVisualStudioVersion = 10.0.40219.1
Project("{FAE04EC0-301F-11D3-BF4B-00C04F79EFBC}") = "MovieRental", "MovieRental.csproj", "{231CDFF8-FBFA-40FB-8D37-9ABACDA52BA2}"
EndProject
Global
	GlobalSection(SolutionConfigurationPlatforms) = preSolution
		Debug|Any CPU = Debug|Any CPU
		Release|Any CPU = Release|Any CPU
	EndGlobalSection
	GlobalSection(ProjectConfigurationPlatforms) = postSolution
		{231CDFF8-FBFA-40FB-8D37-9ABACDA52BA2}.Debug|Any CPU.ActiveCfg = Debug|Any CPU
		{231CDFF8-FBFA-40FB-8D37-9ABACDA52BA2}.Debug|Any CPU.Build.0 = Debug|Any CPU
		{231CDFF8-FBFA-40FB-8D37-9ABACDA52BA2}.Release|Any CPU.ActiveCfg = Release|Any CPU
		{231CDFF8-FBFA-40FB-8D37-9ABACDA52BA2}.Release|Any CPU.Build.0 = Release|Any CPU
	EndGlobalSection
	GlobalSection(SolutionProperties) = preSolution
		HideSolutionNode = FALSE
	EndGlobalSection
	GlobalSection(ExtensibilityGlobals) = postSolution
		SolutionGuid = {307ABCB2-B1A3-405F-BB22-D464834A1BB1}
	EndGlobalSection
EndGlobal
